
Microsoft Visual Studio Solution File, Format Version 12.00
# Visual Studio Version 16
VisualStudioVersion = 16.0.31702.278
MinimumVisualStudioVersion = 10.0.40219.1
Project("{FAE04EC0-301F-11D3-BF4B-00C04F79EFBC}") = "ControleTecnologias", "ControleTecnologias\ControleTecnologias.csproj", "{8D2DA037-B363-457F-AFEA-129DE3AFE9CA}"
EndProject
Global
	GlobalSection(SolutionConfigurationPlatforms) = preSolution
		Debug|Any CPU = Debug|Any CPU
		Release|Any CPU = Release|Any CPU
	EndGlobalSection
	GlobalSection(ProjectConfigurationPlatforms) = postSolution
		{8D2DA037-B363-457F-AFEA-129DE3AFE9CA}.Debug|Any CPU.ActiveCfg = Debug|Any CPU
		{8D2DA037-B363-457F-AFEA-129DE3AFE9CA}.Debug|Any CPU.Build.0 = Debug|Any CPU
		{8D2DA037-B363-457F-AFEA-129DE3AFE9CA}.Release|Any CPU.ActiveCfg = Release|Any CPU
		{8D2DA037-B363-457F-AFEA-129DE3AFE9CA}.Release|Any CPU.Build.0 = Release|Any CPU
	EndGlobalSection
	GlobalSection(SolutionProperties) = preSolution
		HideSolutionNode = FALSE
	EndGlobalSection
	GlobalSection(ExtensibilityGlobals) = postSolution
		SolutionGuid = {775E177C-E80C-4F13-8158-2B7BB8772C56}
	EndGlobalSection
EndGlobal
